
Microsoft Visual Studio Solution File, Format Version 12.00
# Visual Studio Version 16
VisualStudioVersion = 16.0.31624.102
MinimumVisualStudioVersion = 10.0.40219.1
Project("{FAE04EC0-301F-11D3-BF4B-00C04F79EFBC}") = "pipeline", "pipeline\pipeline.csproj", "{5F80F4D0-C688-49E1-9416-070F658F06EE}"
EndProject
Global
	GlobalSection(SolutionConfigurationPlatforms) = preSolution
		Debug|Any CPU = Debug|Any CPU
		Release|Any CPU = Release|Any CPU
	EndGlobalSection
	GlobalSection(ProjectConfigurationPlatforms) = postSolution
		{5F80F4D0-C688-49E1-9416-070F658F06EE}.Debug|Any CPU.ActiveCfg = Debug|Any CPU
		{5F80F4D0-C688-49E1-9416-070F658F06EE}.Debug|Any CPU.Build.0 = Debug|Any CPU
		{5F80F4D0-C688-49E1-9416-070F658F06EE}.Release|Any CPU.ActiveCfg = Release|Any CPU
		{5F80F4D0-C688-49E1-9416-070F658F06EE}.Release|Any CPU.Build.0 = Release|Any CPU
	EndGlobalSection
	GlobalSection(SolutionProperties) = preSolution
		HideSolutionNode = FALSE
	EndGlobalSection
	GlobalSection(ExtensibilityGlobals) = postSolution
		SolutionGuid = {FC00026B-B0E7-4E03-96B2-7F1D07709EAB}
	EndGlobalSection
EndGlobal
